// !$*UTF8*$!
{
	archiveVersion = 1;
	classes = {
	};
	objectVersion = 46;
	objects = {

/* Begin PBXBuildFile section */
		B1392FBD1C7FD1830041D4A3 /* main.m in Sources */ = {isa = PBXBuildFile; fileRef = B1392FBC1C7FD1830041D4A3 /* main.m */; };
		B1392FC01C7FD1830041D4A3 /* AppDelegate.m in Sources */ = {isa = PBXBuildFile; fileRef = B1392FBF1C7FD1830041D4A3 /* AppDelegate.m */; };
		B1392FC31C7FD1830041D4A3 /* ViewController.m in Sources */ = {isa = PBXBuildFile; fileRef = B1392FC21C7FD1830041D4A3 /* ViewController.m */; };
		B1392FC61C7FD1830041D4A3 /* Main.storyboard in Resources */ = {isa = PBXBuildFile; fileRef = B1392FC41C7FD1830041D4A3 /* Main.storyboard */; };
		B1392FC91C7FD1830041D4A3 /* Core_Data_Test.xcdatamodeld in Sources */ = {isa = PBXBuildFile; fileRef = B1392FC71C7FD1830041D4A3 /* Core_Data_Test.xcdatamodeld */; };
		B1392FCB1C7FD1830041D4A3 /* Assets.xcassets in Resources */ = {isa = PBXBuildFile; fileRef = B1392FCA1C7FD1830041D4A3 /* Assets.xcassets */; };
		B1392FCE1C7FD1830041D4A3 /* LaunchScreen.storyboard in Resources */ = {isa = PBXBuildFile; fileRef = B1392FCC1C7FD1830041D4A3 /* LaunchScreen.storyboard */; };
		B1392FD91C7FD40C0041D4A3 /* NoteManagedObject+CoreDataProperties.m in Sources */ = {isa = PBXBuildFile; fileRef = B1392FD61C7FD40C0041D4A3 /* NoteManagedObject+CoreDataProperties.m */; };
		B1392FDA1C7FD40C0041D4A3 /* NoteManagedObject.m in Sources */ = {isa = PBXBuildFile; fileRef = B1392FD81C7FD40C0041D4A3 /* NoteManagedObject.m */; };
		B1392FE01C7FDB530041D4A3 /* CoreDataDAO.m in Sources */ = {isa = PBXBuildFile; fileRef = B1392FDF1C7FDB530041D4A3 /* CoreDataDAO.m */; };
		B1392FE31C7FDC300041D4A3 /* NoteDAO.m in Sources */ = {isa = PBXBuildFile; fileRef = B1392FE21C7FDC300041D4A3 /* NoteDAO.m */; };
		B1392FE61C7FDDD80041D4A3 /* Note.m in Sources */ = {isa = PBXBuildFile; fileRef = B1392FE51C7FDDD80041D4A3 /* Note.m */; };
		B1392FE91C8023580041D4A3 /* SubViewController.m in Sources */ = {isa = PBXBuildFile; fileRef = B1392FE81C8023580041D4A3 /* SubViewController.m */; };
/* End PBXBuildFile section */

/* Begin PBXFileReference section */
		B1392FB81C7FD1830041D4A3 /* Core Data Test.app */ = {isa = PBXFileReference; explicitFileType = wrapper.application; includeInIndex = 0; path = "Core Data Test.app"; sourceTree = BUILT_PRODUCTS_DIR; };
		B1392FBC1C7FD1830041D4A3 /* main.m */ = {isa = PBXFileReference; lastKnownFileType = sourcecode.c.objc; path = main.m; sourceTree = "<group>"; };
		B1392FBE1C7FD1830041D4A3 /* AppDelegate.h */ = {isa = PBXFileReference; lastKnownFileType = sourcecode.c.h; path = AppDelegate.h; sourceTree = "<group>"; };
		B1392FBF1C7FD1830041D4A3 /* AppDelegate.m */ = {isa = PBXFileReference; lastKnownFileType = sourcecode.c.objc; path = AppDelegate.m; sourceTree = "<group>"; };
		B1392FC11C7FD1830041D4A3 /* ViewController.h */ = {isa = PBXFileReference; lastKnownFileType = sourcecode.c.h; path = ViewController.h; sourceTree = "<group>"; };
		B1392FC21C7FD1830041D4A3 /* ViewController.m */ = {isa = PBXFileReference; lastKnownFileType = sourcecode.c.objc; path = ViewController.m; sourceTree = "<group>"; };
		B1392FC51C7FD1830041D4A3 /* Base */ = {isa = PBXFileReference; lastKnownFileType = file.storyboard; name = Base; path = Base.lproj/Main.storyboard; sourceTree = "<group>"; };
		B1392FC81C7FD1830041D4A3 /* Core_Data_Test.xcdatamodel */ = {isa = PBXFileReference; lastKnownFileType = wrapper.xcdatamodel; path = Core_Data_Test.xcdatamodel; sourceTree = "<group>"; };
		B1392FCA1C7FD1830041D4A3 /* Assets.xcassets */ = {isa = PBXFileReference; lastKnownFileType = folder.assetcatalog; path = Assets.xcassets; sourceTree = "<group>"; };
		B1392FCD1C7FD1830041D4A3 /* Base */ = {isa = PBXFileReference; lastKnownFileType = file.storyboard; name = Base; path = Base.lproj/LaunchScreen.storyboard; sourceTree = "<group>"; };
		B1392FCF1C7FD1830041D4A3 /* Info.plist */ = {isa = PBXFileReference; lastKnownFileType = text.plist.xml; path = Info.plist; sourceTree = "<group>"; };
		B1392FD51C7FD40C0041D4A3 /* NoteManagedObject+CoreDataProperties.h */ = {isa = PBXFileReference; fileEncoding = 4; lastKnownFileType = sourcecode.c.h; path = "NoteManagedObject+CoreDataProperties.h"; sourceTree = "<group>"; };
		B1392FD61C7FD40C0041D4A3 /* NoteManagedObject+CoreDataProperties.m */ = {isa = PBXFileReference; fileEncoding = 4; lastKnownFileType = sourcecode.c.objc; path = "NoteManagedObject+CoreDataProperties.m"; sourceTree = "<group>"; };
		B1392FD71C7FD40C0041D4A3 /* NoteManagedObject.h */ = {isa = PBXFileReference; fileEncoding = 4; lastKnownFileType = sourcecode.c.h; path = NoteManagedObject.h; sourceTree = "<group>"; };
		B1392FD81C7FD40C0041D4A3 /* NoteManagedObject.m */ = {isa = PBXFileReference; fileEncoding = 4; lastKnownFileType = sourcecode.c.objc; path = NoteManagedObject.m; sourceTree = "<group>"; };
		B1392FDE1C7FDB530041D4A3 /* CoreDataDAO.h */ = {isa = PBXFileReference; fileEncoding = 4; lastKnownFileType = sourcecode.c.h; path = CoreDataDAO.h; sourceTree = "<group>"; };
		B1392FDF1C7FDB530041D4A3 /* CoreDataDAO.m */ = {isa = PBXFileReference; fileEncoding = 4; lastKnownFileType = sourcecode.c.objc; path = CoreDataDAO.m; sourceTree = "<group>"; };
		B1392FE11C7FDC300041D4A3 /* NoteDAO.h */ = {isa = PBXFileReference; fileEncoding = 4; lastKnownFileType = sourcecode.c.h; path = NoteDAO.h; sourceTree = "<group>"; };
		B1392FE21C7FDC300041D4A3 /* NoteDAO.m */ = {isa = PBXFileReference; fileEncoding = 4; lastKnownFileType = sourcecode.c.objc; path = NoteDAO.m; sourceTree = "<group>"; };
		B1392FE41C7FDDD80041D4A3 /* Note.h */ = {isa = PBXFileReference; fileEncoding = 4; lastKnownFileType = sourcecode.c.h; path = Note.h; sourceTree = "<group>"; };
		B1392FE51C7FDDD80041D4A3 /* Note.m */ = {isa = PBXFileReference; fileEncoding = 4; lastKnownFileType = sourcecode.c.objc; path = Note.m; sourceTree = "<group>"; };
		B1392FE71C8023580041D4A3 /* SubViewController.h */ = {isa = PBXFileReference; fileEncoding = 4; lastKnownFileType = sourcecode.c.h; path = SubViewController.h; sourceTree = "<group>"; };
		B1392FE81C8023580041D4A3 /* SubViewController.m */ = {isa = PBXFileReference; fileEncoding = 4; lastKnownFileType = sourcecode.c.objc; path = SubViewController.m; sourceTree = "<group>"; };
/* End PBXFileReference section */

/* Begin PBXFrameworksBuildPhase section */
		B1392FB51C7FD1830041D4A3 /* Frameworks */ = {
			isa = PBXFrameworksBuildPhase;
			buildActionMask = 2147483647;
			files = (
			);
			runOnlyForDeploymentPostprocessing = 0;
		};
/* End PBXFrameworksBuildPhase section */

/* Begin PBXGroup section */
		B1392FAF1C7FD1830041D4A3 = {
			isa = PBXGroup;
			children = (
				B1392FBA1C7FD1830041D4A3 /* Core Data Test */,
				B1392FB91C7FD1830041D4A3 /* Products */,
			);
			sourceTree = "<group>";
		};
		B1392FB91C7FD1830041D4A3 /* Products */ = {
			isa = PBXGroup;
			children = (
				B1392FB81C7FD1830041D4A3 /* Core Data Test.app */,
			);
			name = Products;
			sourceTree = "<group>";
		};
		B1392FBA1C7FD1830041D4A3 /* Core Data Test */ = {
			isa = PBXGroup;
			children = (
				B1392FBE1C7FD1830041D4A3 /* AppDelegate.h */,
				B1392FBF1C7FD1830041D4A3 /* AppDelegate.m */,
				B1392FDE1C7FDB530041D4A3 /* CoreDataDAO.h */,
				B1392FDF1C7FDB530041D4A3 /* CoreDataDAO.m */,
				B1392FE11C7FDC300041D4A3 /* NoteDAO.h */,
				B1392FE21C7FDC300041D4A3 /* NoteDAO.m */,
				B1392FC11C7FD1830041D4A3 /* ViewController.h */,
				B1392FC21C7FD1830041D4A3 /* ViewController.m */,
				B1392FE71C8023580041D4A3 /* SubViewController.h */,
				B1392FE81C8023580041D4A3 /* SubViewController.m */,
				B1392FC41C7FD1830041D4A3 /* Main.storyboard */,
				B1392FE41C7FDDD80041D4A3 /* Note.h */,
				B1392FE51C7FDDD80041D4A3 /* Note.m */,
				B1392FCA1C7FD1830041D4A3 /* Assets.xcassets */,
				B1392FCC1C7FD1830041D4A3 /* LaunchScreen.storyboard */,
				B1392FCF1C7FD1830041D4A3 /* Info.plist */,
				B1392FC71C7FD1830041D4A3 /* Core_Data_Test.xcdatamodeld */,
				B1392FD51C7FD40C0041D4A3 /* NoteManagedObject+CoreDataProperties.h */,
				B1392FD61C7FD40C0041D4A3 /* NoteManagedObject+CoreDataProperties.m */,
				B1392FD71C7FD40C0041D4A3 /* NoteManagedObject.h */,
				B1392FD81C7FD40C0041D4A3 /* NoteManagedObject.m */,
				B1392FBB1C7FD1830041D4A3 /* Supporting Files */,
			);
			path = "Core Data Test";
			sourceTree = "<group>";
		};
		B1392FBB1C7FD1830041D4A3 /* Supporting Files */ = {
			isa = PBXGroup;
			children = (
				B1392FBC1C7FD1830041D4A3 /* main.m */,
			);
			name = "Supporting Files";
			sourceTree = "<group>";
		};
/* End PBXGroup section */

/* Begin PBXNativeTarget section */
		B1392FB71C7FD1830041D4A3 /* Core Data Test */ = {
			isa = PBXNativeTarget;
			buildConfigurationList = B1392FD21C7FD1830041D4A3 /* Build configuration list for PBXNativeTarget "Core Data Test" */;
			buildPhases = (
				B1392FB41C7FD1830041D4A3 /* Sources */,
				B1392FB51C7FD1830041D4A3 /* Frameworks */,
				B1392FB61C7FD1830041D4A3 /* Resources */,
			);
			buildRules = (
			);
			dependencies = (
			);
			name = "Core Data Test";
			productName = "Core Data Test";
			productReference = B1392FB81C7FD1830041D4A3 /* Core Data Test.app */;
			productType = "com.apple.product-type.application";
		};
/* End PBXNativeTarget section */

/* Begin PBXProject section */
		B1392FB01C7FD1830041D4A3 /* Project object */ = {
			isa = PBXProject;
			attributes = {
				LastUpgradeCheck = 0710;
				ORGANIZATIONNAME = Fancy;
				TargetAttributes = {
					B1392FB71C7FD1830041D4A3 = {
						CreatedOnToolsVersion = 7.1;
					};
				};
			};
			buildConfigurationList = B1392FB31C7FD1830041D4A3 /* Build configuration list for PBXProject "Core Data Test" */;
			compatibilityVersion = "Xcode 3.2";
			developmentRegion = English;
			hasScannedForEncodings = 0;
			knownRegions = (
				en,
				Base,
			);
			mainGroup = B1392FAF1C7FD1830041D4A3;
			productRefGroup = B1392FB91C7FD1830041D4A3 /* Products */;
			projectDirPath = "";
			projectRoot = "";
			targets = (
				B1392FB71C7FD1830041D4A3 /* Core Data Test */,
			);
		};
/* End PBXProject section */

/* Begin PBXResourcesBuildPhase section */
		B1392FB61C7FD1830041D4A3 /* Resources */ = {
			isa = PBXResourcesBuildPhase;
			buildActionMask = 2147483647;
			files = (
				B1392FCE1C7FD1830041D4A3 /* LaunchScreen.storyboard in Resources */,
				B1392FCB1C7FD1830041D4A3 /* Assets.xcassets in Resources */,
				B1392FC61C7FD1830041D4A3 /* Main.storyboard in Resources */,
			);
			runOnlyForDeploymentPostprocessing = 0;
		};
/* End PBXResourcesBuildPhase section */

/* Begin PBXSourcesBuildPhase section */
		B1392FB41C7FD1830041D4A3 /* Sources */ = {
			isa = PBXSourcesBuildPhase;
			buildActionMask = 2147483647;
			files = (
				B1392FE61C7FDDD80041D4A3 /* Note.m in Sources */,
				B1392FDA1C7FD40C0041D4A3 /* NoteManagedObject.m in Sources */,
				B1392FD91C7FD40C0041D4A3 /* NoteManagedObject+CoreDataProperties.m in Sources */,
				B1392FC91C7FD1830041D4A3 /* Core_Data_Test.xcdatamodeld in Sources */,
				B1392FC31C7FD1830041D4A3 /* ViewController.m in Sources */,
				B1392FE91C8023580041D4A3 /* SubViewController.m in Sources */,
				B1392FC01C7FD1830041D4A3 /* AppDelegate.m in Sources */,
				B1392FE01C7FDB530041D4A3 /* CoreDataDAO.m in Sources */,
				B1392FE31C7FDC300041D4A3 /* NoteDAO.m in Sources */,
				B1392FBD1C7FD1830041D4A3 /* main.m in Sources */,
			);
			runOnlyForDeploymentPostprocessing = 0;
		};
/* End PBXSourcesBuildPhase section */

/* Begin PBXVariantGroup section */
		B1392FC41C7FD1830041D4A3 /* Main.storyboard */ = {
			isa = PBXVariantGroup;
			children = (
				B1392FC51C7FD1830041D4A3 /* Base */,
			);
			name = Main.storyboard;
			sourceTree = "<group>";
		};
		B1392FCC1C7FD1830041D4A3 /* LaunchScreen.storyboard */ = {
			isa = PBXVariantGroup;
			children = (
				B1392FCD1C7FD1830041D4A3 /* Base */,
			);
			name = LaunchScreen.storyboard;
			sourceTree = "<group>";
		};
/* End PBXVariantGroup section */

/* Begin XCBuildConfiguration section */
		B1392FD01C7FD1830041D4A3 /* Debug */ = {
			isa = XCBuildConfiguration;
			buildSettings = {
				ALWAYS_SEARCH_USER_PATHS = NO;
				CLANG_CXX_LANGUAGE_STANDARD = "gnu++0x";
				CLANG_CXX_LIBRARY = "libc++";
				CLANG_ENABLE_MODULES = YES;
				CLANG_ENABLE_OBJC_ARC = YES;
				CLANG_WARN_BOOL_CONVERSION = YES;
				CLANG_WARN_CONSTANT_CONVERSION = YES;
				CLANG_WARN_DIRECT_OBJC_ISA_USAGE = YES_ERROR;
				CLANG_WARN_EMPTY_BODY = YES;
				CLANG_WARN_ENUM_CONVERSION = YES;
				CLANG_WARN_INT_CONVERSION = YES;
				CLANG_WARN_OBJC_ROOT_CLASS = YES_ERROR;
				CLANG_WARN_UNREACHABLE_CODE = YES;
				CLANG_WARN__DUPLICATE_METHOD_MATCH = YES;
				"CODE_SIGN_IDENTITY[sdk=iphoneos*]" = "iPhone Developer";
				COPY_PHASE_STRIP = NO;
				DEBUG_INFORMATION_FORMAT = dwarf;
				ENABLE_STRICT_OBJC_MSGSEND = YES;
				ENABLE_TESTABILITY = YES;
				GCC_C_LANGUAGE_STANDARD = gnu99;
				GCC_DYNAMIC_NO_PIC = NO;
				GCC_NO_COMMON_BLOCKS = YES;
				GCC_OPTIMIZATION_LEVEL = 0;
				GCC_PREPROCESSOR_DEFINITIONS = (
					"DEBUG=1",
					"$(inherited)",
				);
				GCC_WARN_64_TO_32_BIT_CONVERSION = YES;
				GCC_WARN_ABOUT_RETURN_TYPE = YES_ERROR;
				GCC_WARN_UNDECLARED_SELECTOR = YES;
				GCC_WARN_UNINITIALIZED_AUTOS = YES_AGGRESSIVE;
				GCC_WARN_UNUSED_FUNCTION = YES;
				GCC_WARN_UNUSED_VARIABLE = YES;
				IPHONEOS_DEPLOYMENT_TARGET = 9.1;
				MTL_ENABLE_DEBUG_INFO = YES;
				ONLY_ACTIVE_ARCH = YES;
				SDKROOT = iphoneos;
			};
			name = Debug;
		};
		B1392FD11C7FD1830041D4A3 /* Release */ = {
			isa = XCBuildConfiguration;
			buildSettings = {
				ALWAYS_SEARCH_USER_PATHS = NO;
				CLANG_CXX_LANGUAGE_STANDARD = "gnu++0x";
				CLANG_CXX_LIBRARY = "libc++";
				CLANG_ENABLE_MODULES = YES;
				CLANG_ENABLE_OBJC_ARC = YES;
				CLANG_WARN_BOOL_CONVERSION = YES;
				CLANG_WARN_CONSTANT_CONVERSION = YES;
				CLANG_WARN_DIRECT_OBJC_ISA_USAGE = YES_ERROR;
				CLANG_WARN_EMPTY_BODY = YES;
				CLANG_WARN_ENUM_CONVERSION = YES;
				CLANG_WARN_INT_CONVERSION = YES;
				CLANG_WARN_OBJC_ROOT_CLASS = YES_ERROR;
				CLANG_WARN_UNREACHABLE_CODE = YES;
				CLANG_WARN__DUPLICATE_METHOD_MATCH = YES;
				"CODE_SIGN_IDENTITY[sdk=iphoneos*]" = "iPhone Developer";
				COPY_PHASE_STRIP = NO;
				DEBUG_INFORMATION_FORMAT = "dwarf-with-dsym";
				ENABLE_NS_ASSERTIONS = NO;
				ENABLE_STRICT_OBJC_MSGSEND = YES;
				GCC_C_LANGUAGE_STANDARD = gnu99;
				GCC_NO_COMMON_BLOCKS = YES;
				GCC_WARN_64_TO_32_BIT_CONVERSION = YES;
				GCC_WARN_ABOUT_RETURN_TYPE = YES_ERROR;
				GCC_WARN_UNDECLARED_SELECTOR = YES;
				GCC_WARN_UNINITIALIZED_AUTOS = YES_AGGRESSIVE;
				GCC_WARN_UNUSED_FUNCTION = YES;
				GCC_WARN_UNUSED_VARIABLE = YES;
				IPHONEOS_DEPLOYMENT_TARGET = 9.1;
				MTL_ENABLE_DEBUG_INFO = NO;
				SDKROOT = iphoneos;
				VALIDATE_PRODUCT = YES;
			};
			name = Release;
		};
		B1392FD31C7FD1830041D4A3 /* Debug */ = {
			isa = XCBuildConfiguration;
			buildSettings = {
				ASSETCATALOG_COMPILER_APPICON_NAME = AppIcon;
				INFOPLIST_FILE = "Core Data Test/Info.plist";
				LD_RUNPATH_SEARCH_PATHS = "$(inherited) @executable_path/Frameworks";
				PRODUCT_BUNDLE_IDENTIFIER = "Fancy.Core-Data-Test";
				PRODUCT_NAME = "$(TARGET_NAME)";
			};
			name = Debug;
		};
		B1392FD41C7FD1830041D4A3 /* Release */ = {
			isa = XCBuildConfiguration;
			buildSettings = {
				ASSETCATALOG_COMPILER_APPICON_NAME = AppIcon;
				INFOPLIST_FILE = "Core Data Test/Info.plist";
				LD_RUNPATH_SEARCH_PATHS = "$(inherited) @executable_path/Frameworks";
				PRODUCT_BUNDLE_IDENTIFIER = "Fancy.Core-Data-Test";
				PRODUCT_NAME = "$(TARGET_NAME)";
			};
			name = Release;
		};
/* End XCBuildConfiguration section */

/* Begin XCConfigurationList section */
		B1392FB31C7FD1830041D4A3 /* Build configuration list for PBXProject "Core Data Test" */ = {
			isa = XCConfigurationList;
			buildConfigurations = (
				B1392FD01C7FD1830041D4A3 /* Debug */,
				B1392FD11C7FD1830041D4A3 /* Release */,
			);
			defaultConfigurationIsVisible = 0;
			defaultConfigurationName = Release;
		};
		B1392FD21C7FD1830041D4A3 /* Build configuration list for PBXNativeTarget "Core Data Test" */ = {
			isa = XCConfigurationList;
			buildConfigurations = (
				B1392FD31C7FD1830041D4A3 /* Debug */,
				B1392FD41C7FD1830041D4A3 /* Release */,
			);
			defaultConfigurationIsVisible = 0;
		};
/* End XCConfigurationList section */

/* Begin XCVersionGroup section */
		B1392FC71C7FD1830041D4A3 /* Core_Data_Test.xcdatamodeld */ = {
			isa = XCVersionGroup;
			children = (
				B1392FC81C7FD1830041D4A3 /* Core_Data_Test.xcdatamodel */,
			);
			currentVersion = B1392FC81C7FD1830041D4A3 /* Core_Data_Test.xcdatamodel */;
			path = Core_Data_Test.xcdatamodeld;
			sourceTree = "<group>";
			versionGroupType = wrapper.xcdatamodel;
		};
/* End XCVersionGroup section */
	};
	rootObject = B1392FB01C7FD1830041D4A3 /* Project object */;
}
